{
  "name": "graphql-js-17-driver",
  "version": "0.0.0",
  "lockfileVersion": 3,
  "requires": true,
  "packages": {
    "": {
      "name": "graphql-js-17-driver",
      "version": "0.0.0",
      "dependencies": {
        "graphql": "17.0.0-alpha.14"
      }
    },
    "node_modules/graphql": {
      "version": "17.0.0-alpha.14",
      "resolved": "https://registry.npmjs.org/graphql/-/graphql-17.0.0-alpha.14.tgz",
      "integrity": "sha512-yahdEhj39zC7KAI4OWLvoNxXozT2P3o4/r1D8ZiQ9dZOtzh47ZLWCkbJroao9WYfE42nKXczLh/uzcT64/W/AA==",
      "license": "MIT",
      "engines": {
        "node": "^20.0.0 || ^22.0.0 || ^24.0.0 || >=25.0.0"
      }
    }
  }
}
